
Microsoft Visual Studio Solution File, Format Version 12.00
# Visual Studio Version 16
VisualStudioVersion = 16.0.31424.327
MinimumVisualStudioVersion = 10.0.40219.1
Project("{FAE04EC0-301F-11D3-BF4B-00C04F79EFBC}") = "Rocky", "Rocky\Rocky.csproj", "{C971A2F5-D999-41BA-8A52-9AA399DA09F0}"
EndProject
Global
	GlobalSection(SolutionConfigurationPlatforms) = preSolution
		Debug|Any CPU = Debug|Any CPU
		Release|Any CPU = Release|Any CPU
	EndGlobalSection
	GlobalSection(ProjectConfigurationPlatforms) = postSolution
		{C971A2F5-D999-41BA-8A52-9AA399DA09F0}.Debug|Any CPU.ActiveCfg = Debug|Any CPU
		{C971A2F5-D999-41BA-8A52-9AA399DA09F0}.Debug|Any CPU.Build.0 = Debug|Any CPU
		{C971A2F5-D999-41BA-8A52-9AA399DA09F0}.Release|Any CPU.ActiveCfg = Release|Any CPU
		{C971A2F5-D999-41BA-8A52-9AA399DA09F0}.Release|Any CPU.Build.0 = Release|Any CPU
	EndGlobalSection
	GlobalSection(SolutionProperties) = preSolution
		HideSolutionNode = FALSE
	EndGlobalSection
	GlobalSection(ExtensibilityGlobals) = postSolution
		SolutionGuid = {4CE1C02E-04E1-4470-A96B-C6E9D59DCDF1}
	EndGlobalSection
EndGlobal
